
Microsoft Visual Studio Solution File, Format Version 12.00
# Visual Studio Version 17
VisualStudioVersion = 17.13.35919.96
MinimumVisualStudioVersion = 10.0.40219.1
Project("{FAE04EC0-301F-11D3-BF4B-00C04F79EFBC}") = "CakeBuild", "CakeBuild\CakeBuild.csproj", "{2C774B24-E3EF-4B84-92E2-A2A3AD323E76}"
EndProject
Project("{FAE04EC0-301F-11D3-BF4B-00C04F79EFBC}") = "ElectricalProgressive-Core", "ElectricalProgressive-Core\ElectricalProgressive-Core.csproj", "{CD8A2AF4-B03F-4FD0-B9AF-676AADE35409}"
EndProject
Project("{FAE04EC0-301F-11D3-BF4B-00C04F79EFBC}") = "ElectricalProgressive-Industry", "ElectricalProgressive-Industry\ElectricalProgressive-Industry.csproj", "{36541240-03BD-4CED-A2E7-47E57A0E19BF}"
EndProject
Project("{FAE04EC0-301F-11D3-BF4B-00C04F79EFBC}") = "ElectricalProgressive-Basics", "ElectricalProgressive-Basics\ElectricalProgressive-Basics.csproj", "{6E875D1E-A84A-45F9-85A4-33438977A1F4}"
EndProject
Project("{FAE04EC0-301F-11D3-BF4B-00C04F79EFBC}") = "ElectricalProgressive-Equipment", "ElectricalProgressive-Equipment\ElectricalProgressive-Equipment.csproj", "{64E73900-5509-465B-A80D-2DED121ED516}"
EndProject
Project("{FAE04EC0-301F-11D3-BF4B-00C04F79EFBC}") = "ElectricalProgressive-QOL", "ElectricalProgressive-QOL\ElectricalProgressive-QOL.csproj", "{E38CB2F3-818F-4DD5-AD53-B58EB92506EB}"
EndProject
Project("{2150E333-8FDC-42A3-9474-1A3956D46DE8}") = "Solution Items", "Solution Items", "{8EC462FD-D22E-90A8-E5CE-7E832BA40C5D}"
	ProjectSection(SolutionItems) = preProject
		.editorconfig = .editorconfig
	EndProjectSection
EndProject
Project("{FAE04EC0-301F-11D3-BF4B-00C04F79EFBC}") = "ElectricalProgressive-CoreImmersive", "ElectricalProgressive-CoreImmersive\ElectricalProgressive-CoreImmersive.csproj", "{B5C4D90A-7623-6165-11AC-02DDBD3865EE}"
EndProject
Project("{FAE04EC0-301F-11D3-BF4B-00C04F79EFBC}") = "ElectricalProgressive-Transport", "ElectricalProgressive-Transport\ElectricalProgressive-Transport.csproj", "{8CCFA9C7-8523-464E-8FF1-E97511D3631E}"
EndProject
Global
	GlobalSection(SolutionConfigurationPlatforms) = preSolution
		Debug|Any CPU = Debug|Any CPU
		Release|Any CPU = Release|Any CPU
	EndGlobalSection
	GlobalSection(ProjectConfigurationPlatforms) = postSolution
		{2C774B24-E3EF-4B84-92E2-A2A3AD323E76}.Debug|Any CPU.ActiveCfg = Debug|Any CPU
		{2C774B24-E3EF-4B84-92E2-A2A3AD323E76}.Debug|Any CPU.Build.0 = Debug|Any CPU
		{2C774B24-E3EF-4B84-92E2-A2A3AD323E76}.Release|Any CPU.ActiveCfg = Release|Any CPU
		{2C774B24-E3EF-4B84-92E2-A2A3AD323E76}.Release|Any CPU.Build.0 = Release|Any CPU
		{CD8A2AF4-B03F-4FD0-B9AF-676AADE35409}.Debug|Any CPU.ActiveCfg = Debug|Any CPU
		{CD8A2AF4-B03F-4FD0-B9AF-676AADE35409}.Debug|Any CPU.Build.0 = Debug|Any CPU
		{CD8A2AF4-B03F-4FD0-B9AF-676AADE35409}.Release|Any CPU.ActiveCfg = Release|Any CPU
		{CD8A2AF4-B03F-4FD0-B9AF-676AADE35409}.Release|Any CPU.Build.0 = Release|Any CPU
		{36541240-03BD-4CED-A2E7-47E57A0E19BF}.Debug|Any CPU.ActiveCfg = Debug|Any CPU
		{36541240-03BD-4CED-A2E7-47E57A0E19BF}.Debug|Any CPU.Build.0 = Debug|Any CPU
		{36541240-03BD-4CED-A2E7-47E57A0E19BF}.Release|Any CPU.ActiveCfg = Release|Any CPU
		{36541240-03BD-4CED-A2E7-47E57A0E19BF}.Release|Any CPU.Build.0 = Release|Any CPU
		{6E875D1E-A84A-45F9-85A4-33438977A1F4}.Debug|Any CPU.ActiveCfg = Debug|Any CPU
		{6E875D1E-A84A-45F9-85A4-33438977A1F4}.Debug|Any CPU.Build.0 = Debug|Any CPU
		{6E875D1E-A84A-45F9-85A4-33438977A1F4}.Release|Any CPU.ActiveCfg = Release|Any CPU
		{6E875D1E-A84A-45F9-85A4-33438977A1F4}.Release|Any CPU.Build.0 = Release|Any CPU
		{64E73900-5509-465B-A80D-2DED121ED516}.Debug|Any CPU.ActiveCfg = Debug|Any CPU
		{64E73900-5509-465B-A80D-2DED121ED516}.Debug|Any CPU.Build.0 = Debug|Any CPU
		{64E73900-5509-465B-A80D-2DED121ED516}.Release|Any CPU.ActiveCfg = Release|Any CPU
		{64E73900-5509-465B-A80D-2DED121ED516}.Release|Any CPU.Build.0 = Release|Any CPU
		{E38CB2F3-818F-4DD5-AD53-B58EB92506EB}.Debug|Any CPU.ActiveCfg = Debug|Any CPU
		{E38CB2F3-818F-4DD5-AD53-B58EB92506EB}.Debug|Any CPU.Build.0 = Debug|Any CPU
		{E38CB2F3-818F-4DD5-AD53-B58EB92506EB}.Release|Any CPU.ActiveCfg = Release|Any CPU
		{E38CB2F3-818F-4DD5-AD53-B58EB92506EB}.Release|Any CPU.Build.0 = Release|Any CPU
		{B5C4D90A-7623-6165-11AC-02DDBD3865EE}.Debug|Any CPU.ActiveCfg = Debug|Any CPU
		{B5C4D90A-7623-6165-11AC-02DDBD3865EE}.Debug|Any CPU.Build.0 = Debug|Any CPU
		{B5C4D90A-7623-6165-11AC-02DDBD3865EE}.Release|Any CPU.ActiveCfg = Release|Any CPU
		{B5C4D90A-7623-6165-11AC-02DDBD3865EE}.Release|Any CPU.Build.0 = Release|Any CPU
		{8CCFA9C7-8523-464E-8FF1-E97511D3631E}.Debug|Any CPU.ActiveCfg = Debug|Any CPU
		{8CCFA9C7-8523-464E-8FF1-E97511D3631E}.Debug|Any CPU.Build.0 = Debug|Any CPU
		{8CCFA9C7-8523-464E-8FF1-E97511D3631E}.Release|Any CPU.ActiveCfg = Release|Any CPU
		{8CCFA9C7-8523-464E-8FF1-E97511D3631E}.Release|Any CPU.Build.0 = Release|Any CPU
	EndGlobalSection
	GlobalSection(SolutionProperties) = preSolution
		HideSolutionNode = FALSE
	EndGlobalSection
	GlobalSection(ExtensibilityGlobals) = postSolution
		SolutionGuid = {25A10538-CB63-4AE4-940A-4D4336FCB3EF}
	EndGlobalSection
EndGlobal